// !$*UTF8*$!
{
	archiveVersion = 1;
	classes = {
	};
	objectVersion = 56;
	objects = {

/* Begin PBXBuildFile section */
		404C5FE22AB67102006D225E /* WeatherApp.swift in Sources */ = {isa = PBXBuildFile; fileRef = 404C5FE12AB67102006D225E /* WeatherApp.swift */; };
		404C5FE42AB67102006D225E /* ContentView.swift in Sources */ = {isa = PBXBuildFile; fileRef = 404C5FE32AB67102006D225E /* ContentView.swift */; };
		404C5FE62AB67107006D225E /* Assets.xcassets in Resources */ = {isa = PBXBuildFile; fileRef = 404C5FE52AB67107006D225E /* Assets.xcassets */; };
		404C5FE92AB67107006D225E /* Preview Assets.xcassets in Resources */ = {isa = PBXBuildFile; fileRef = 404C5FE82AB67107006D225E /* Preview Assets.xcassets */; };
		404C5FF12AB69DA7006D225E /* APIService.swift in Sources */ = {isa = PBXBuildFile; fileRef = 404C5FF02AB69DA7006D225E /* APIService.swift */; };
		404C5FF32AB69DC3006D225E /* APIError.swift in Sources */ = {isa = PBXBuildFile; fileRef = 404C5FF22AB69DC3006D225E /* APIError.swift */; };
		404C5FF62AB69F3E006D225E /* Forecast.swift in Sources */ = {isa = PBXBuildFile; fileRef = 404C5FF52AB69F3E006D225E /* Forecast.swift */; };
		404C5FF92AB69F7D006D225E /* ForecastViewModel.swift in Sources */ = {isa = PBXBuildFile; fileRef = 404C5FF82AB69F7D006D225E /* ForecastViewModel.swift */; };
		404C5FFB2AB69F99006D225E /* ForcastListViewModel.swift in Sources */ = {isa = PBXBuildFile; fileRef = 404C5FFA2AB69F99006D225E /* ForcastListViewModel.swift */; };
		404C5FFE2AB69FC5006D225E /* UIApplication+Extension.swift in Sources */ = {isa = PBXBuildFile; fileRef = 404C5FFD2AB69FC5006D225E /* UIApplication+Extension.swift */; };
		404C60052AB6A0C0006D225E /* SDWebImageSwiftUI in Frameworks */ = {isa = PBXBuildFile; productRef = 404C60042AB6A0C0006D225E /* SDWebImageSwiftUI */; };
		40AE0B2E2AB75DD60017F500 /* CLLocation+Extension.swift in Sources */ = {isa = PBXBuildFile; fileRef = 40AE0B2D2AB75DD60017F500 /* CLLocation+Extension.swift */; };
/* End PBXBuildFile section */

/* Begin PBXFileReference section */
		404C5FDE2AB67102006D225E /* Weather.app */ = {isa = PBXFileReference; explicitFileType = wrapper.application; includeInIndex = 0; path = Weather.app; sourceTree = BUILT_PRODUCTS_DIR; };
		404C5FE12AB67102006D225E /* WeatherApp.swift */ = {isa = PBXFileReference; lastKnownFileType = sourcecode.swift; path = WeatherApp.swift; sourceTree = "<group>"; };
		404C5FE32AB67102006D225E /* ContentView.swift */ = {isa = PBXFileReference; lastKnownFileType = sourcecode.swift; path = ContentView.swift; sourceTree = "<group>"; };
		404C5FE52AB67107006D225E /* Assets.xcassets */ = {isa = PBXFileReference; lastKnownFileType = folder.assetcatalog; path = Assets.xcassets; sourceTree = "<group>"; };
		404C5FE82AB67107006D225E /* Preview Assets.xcassets */ = {isa = PBXFileReference; lastKnownFileType = folder.assetcatalog; path = "Preview Assets.xcassets"; sourceTree = "<group>"; };
		404C5FF02AB69DA7006D225E /* APIService.swift */ = {isa = PBXFileReference; lastKnownFileType = sourcecode.swift; path = APIService.swift; sourceTree = "<group>"; };
		404C5FF22AB69DC3006D225E /* APIError.swift */ = {isa = PBXFileReference; lastKnownFileType = sourcecode.swift; path = APIError.swift; sourceTree = "<group>"; };
		404C5FF52AB69F3E006D225E /* Forecast.swift */ = {isa = PBXFileReference; lastKnownFileType = sourcecode.swift; path = Forecast.swift; sourceTree = "<group>"; };
		404C5FF82AB69F7D006D225E /* ForecastViewModel.swift */ = {isa = PBXFileReference; lastKnownFileType = sourcecode.swift; path = ForecastViewModel.swift; sourceTree = "<group>"; };
		404C5FFA2AB69F99006D225E /* ForcastListViewModel.swift */ = {isa = PBXFileReference; lastKnownFileType = sourcecode.swift; path = ForcastListViewModel.swift; sourceTree = "<group>"; };
		404C5FFD2AB69FC5006D225E /* UIApplication+Extension.swift */ = {isa = PBXFileReference; lastKnownFileType = sourcecode.swift; path = "UIApplication+Extension.swift"; sourceTree = "<group>"; };
		40AE0B2C2AB6A8210017F500 /* Info.plist */ = {isa = PBXFileReference; lastKnownFileType = text.plist.xml; path = Info.plist; sourceTree = "<group>"; };
		40AE0B2D2AB75DD60017F500 /* CLLocation+Extension.swift */ = {isa = PBXFileReference; lastKnownFileType = sourcecode.swift; path = "CLLocation+Extension.swift"; sourceTree = "<group>"; };
/* End PBXFileReference section */

/* Begin PBXFrameworksBuildPhase section */
		404C5FDB2AB67102006D225E /* Frameworks */ = {
			isa = PBXFrameworksBuildPhase;
			buildActionMask = 2147483647;
			files = (
				404C60052AB6A0C0006D225E /* SDWebImageSwiftUI in Frameworks */,
			);
			runOnlyForDeploymentPostprocessing = 0;
		};
/* End PBXFrameworksBuildPhase section */

/* Begin PBXGroup section */
		404C5FD52AB67102006D225E = {
			isa = PBXGroup;
			children = (
				404C5FE02AB67102006D225E /* Weather */,
				404C5FDF2AB67102006D225E /* Products */,
			);
			sourceTree = "<group>";
		};
		404C5FDF2AB67102006D225E /* Products */ = {
			isa = PBXGroup;
			children = (
				404C5FDE2AB67102006D225E /* Weather.app */,
			);
			name = Products;
			sourceTree = "<group>";
		};
		404C5FE02AB67102006D225E /* Weather */ = {
			isa = PBXGroup;
			children = (
				40AE0B2C2AB6A8210017F500 /* Info.plist */,
				404C5FFC2AB69FB4006D225E /* Extensions */,
				404C5FF72AB69F66006D225E /* ViewModel */,
				404C5FF42AB69F2E006D225E /* Model */,
				404C5FEF2AB69D68006D225E /* Networking */,
				404C60062AB6A121006D225E /* App */,
				404C5FFF2AB69FE2006D225E /* View */,
				404C5FE72AB67107006D225E /* Preview Content */,
				404C60072AB6A12D006D225E /* Utils */,
			);
			path = Weather;
			sourceTree = "<group>";
		};
		404C5FE72AB67107006D225E /* Preview Content */ = {
			isa = PBXGroup;
			children = (
				404C5FE82AB67107006D225E /* Preview Assets.xcassets */,
			);
			path = "Preview Content";
			sourceTree = "<group>";
		};
		404C5FEF2AB69D68006D225E /* Networking */ = {
			isa = PBXGroup;
			children = (
				404C5FF02AB69DA7006D225E /* APIService.swift */,
				404C5FF22AB69DC3006D225E /* APIError.swift */,
			);
			path = Networking;
			sourceTree = "<group>";
		};
		404C5FF42AB69F2E006D225E /* Model */ = {
			isa = PBXGroup;
			children = (
				404C5FF52AB69F3E006D225E /* Forecast.swift */,
			);
			path = Model;
			sourceTree = "<group>";
		};
		404C5FF72AB69F66006D225E /* ViewModel */ = {
			isa = PBXGroup;
			children = (
				404C5FF82AB69F7D006D225E /* ForecastViewModel.swift */,
				404C5FFA2AB69F99006D225E /* ForcastListViewModel.swift */,
			);
			path = ViewModel;
			sourceTree = "<group>";
		};
		404C5FFC2AB69FB4006D225E /* Extensions */ = {
			isa = PBXGroup;
			children = (
				404C5FFD2AB69FC5006D225E /* UIApplication+Extension.swift */,
				40AE0B2D2AB75DD60017F500 /* CLLocation+Extension.swift */,
			);
			path = Extensions;
			sourceTree = "<group>";
		};
		404C5FFF2AB69FE2006D225E /* View */ = {
			isa = PBXGroup;
			children = (
				404C5FE32AB67102006D225E /* ContentView.swift */,
			);
			path = View;
			sourceTree = "<group>";
		};
		404C60062AB6A121006D225E /* App */ = {
			isa = PBXGroup;
			children = (
				404C5FE12AB67102006D225E /* WeatherApp.swift */,
			);
			path = App;
			sourceTree = "<group>";
		};
		404C60072AB6A12D006D225E /* Utils */ = {
			isa = PBXGroup;
			children = (
				404C5FE52AB67107006D225E /* Assets.xcassets */,
			);
			path = Utils;
			sourceTree = "<group>";
		};
/* End PBXGroup section */

/* Begin PBXNativeTarget section */
		404C5FDD2AB67102006D225E /* Weather */ = {
			isa = PBXNativeTarget;
			buildConfigurationList = 404C5FEC2AB67107006D225E /* Build configuration list for PBXNativeTarget "Weather" */;
			buildPhases = (
				404C5FDA2AB67102006D225E /* Sources */,
				404C5FDB2AB67102006D225E /* Frameworks */,
				404C5FDC2AB67102006D225E /* Resources */,
			);
			buildRules = (
			);
			dependencies = (
			);
			name = Weather;
			packageProductDependencies = (
				404C60042AB6A0C0006D225E /* SDWebImageSwiftUI */,
			);
			productName = Weather;
			productReference = 404C5FDE2AB67102006D225E /* Weather.app */;
			productType = "com.apple.product-type.application";
		};
/* End PBXNativeTarget section */

/* Begin PBXProject section */
		404C5FD62AB67102006D225E /* Project object */ = {
			isa = PBXProject;
			attributes = {
				BuildIndependentTargetsInParallel = 1;
				LastSwiftUpdateCheck = 1410;
				LastUpgradeCheck = 1410;
				TargetAttributes = {
					404C5FDD2AB67102006D225E = {
						CreatedOnToolsVersion = 14.1;
					};
				};
			};
			buildConfigurationList = 404C5FD92AB67102006D225E /* Build configuration list for PBXProject "Weather" */;
			compatibilityVersion = "Xcode 14.0";
			developmentRegion = en;
			hasScannedForEncodings = 0;
			knownRegions = (
				en,
				Base,
			);
			mainGroup = 404C5FD52AB67102006D225E;
			packageReferences = (
				404C60032AB6A0C0006D225E /* XCRemoteSwiftPackageReference "SDWebImageSwiftUI" */,
			);
			productRefGroup = 404C5FDF2AB67102006D225E /* Products */;
			projectDirPath = "";
			projectRoot = "";
			targets = (
				404C5FDD2AB67102006D225E /* Weather */,
			);
		};
/* End PBXProject section */

/* Begin PBXResourcesBuildPhase section */
		404C5FDC2AB67102006D225E /* Resources */ = {
			isa = PBXResourcesBuildPhase;
			buildActionMask = 2147483647;
			files = (
				404C5FE92AB67107006D225E /* Preview Assets.xcassets in Resources */,
				404C5FE62AB67107006D225E /* Assets.xcassets in Resources */,
			);
			runOnlyForDeploymentPostprocessing = 0;
		};
/* End PBXResourcesBuildPhase section */

/* Begin PBXSourcesBuildPhase section */
		404C5FDA2AB67102006D225E /* Sources */ = {
			isa = PBXSourcesBuildPhase;
			buildActionMask = 2147483647;
			files = (
				404C5FE42AB67102006D225E /* ContentView.swift in Sources */,
				404C5FF32AB69DC3006D225E /* APIError.swift in Sources */,
				404C5FFE2AB69FC5006D225E /* UIApplication+Extension.swift in Sources */,
				404C5FF12AB69DA7006D225E /* APIService.swift in Sources */,
				404C5FF92AB69F7D006D225E /* ForecastViewModel.swift in Sources */,
				404C5FE22AB67102006D225E /* WeatherApp.swift in Sources */,
				404C5FF62AB69F3E006D225E /* Forecast.swift in Sources */,
				404C5FFB2AB69F99006D225E /* ForcastListViewModel.swift in Sources */,
				40AE0B2E2AB75DD60017F500 /* CLLocation+Extension.swift in Sources */,
			);
			runOnlyForDeploymentPostprocessing = 0;
		};
/* End PBXSourcesBuildPhase section */

/* Begin XCBuildConfiguration section */
		404C5FEA2AB67107006D225E /* Debug */ = {
			isa = XCBuildConfiguration;
			buildSettings = {
				ALWAYS_SEARCH_USER_PATHS = NO;
				CLANG_ANALYZER_NONNULL = YES;
				CLANG_ANALYZER_NUMBER_OBJECT_CONVERSION = YES_AGGRESSIVE;
				CLANG_CXX_LANGUAGE_STANDARD = "gnu++20";
				CLANG_ENABLE_MODULES = YES;
				CLANG_ENABLE_OBJC_ARC = YES;
				CLANG_ENABLE_OBJC_WEAK = YES;
				CLANG_WARN_BLOCK_CAPTURE_AUTORELEASING = YES;
				CLANG_WARN_BOOL_CONVERSION = YES;
				CLANG_WARN_COMMA = YES;
				CLANG_WARN_CONSTANT_CONVERSION = YES;
				CLANG_WARN_DEPRECATED_OBJC_IMPLEMENTATIONS = YES;
				CLANG_WARN_DIRECT_OBJC_ISA_USAGE = YES_ERROR;
				CLANG_WARN_DOCUMENTATION_COMMENTS = YES;
				CLANG_WARN_EMPTY_BODY = YES;
				CLANG_WARN_ENUM_CONVERSION = YES;
				CLANG_WARN_INFINITE_RECURSION = YES;
				CLANG_WARN_INT_CONVERSION = YES;
				CLANG_WARN_NON_LITERAL_NULL_CONVERSION = YES;
				CLANG_WARN_OBJC_IMPLICIT_RETAIN_SELF = YES;
				CLANG_WARN_OBJC_LITERAL_CONVERSION = YES;
				CLANG_WARN_OBJC_ROOT_CLASS = YES_ERROR;
				CLANG_WARN_QUOTED_INCLUDE_IN_FRAMEWORK_HEADER = YES;
				CLANG_WARN_RANGE_LOOP_ANALYSIS = YES;
				CLANG_WARN_STRICT_PROTOTYPES = YES;
				CLANG_WARN_SUSPICIOUS_MOVE = YES;
				CLANG_WARN_UNGUARDED_AVAILABILITY = YES_AGGRESSIVE;
				CLANG_WARN_UNREACHABLE_CODE = YES;
				CLANG_WARN__DUPLICATE_METHOD_MATCH = YES;
				COPY_PHASE_STRIP = NO;
				DEBUG_INFORMATION_FORMAT = dwarf;
				ENABLE_STRICT_OBJC_MSGSEND = YES;
				ENABLE_TESTABILITY = YES;
				GCC_C_LANGUAGE_STANDARD = gnu11;
				GCC_DYNAMIC_NO_PIC = NO;
				GCC_NO_COMMON_BLOCKS = YES;
				GCC_OPTIMIZATION_LEVEL = 0;
				GCC_PREPROCESSOR_DEFINITIONS = (
					"DEBUG=1",
					"$(inherited)",
				);
				GCC_WARN_64_TO_32_BIT_CONVERSION = YES;
				GCC_WARN_ABOUT_RETURN_TYPE = YES_ERROR;
				GCC_WARN_UNDECLARED_SELECTOR = YES;
				GCC_WARN_UNINITIALIZED_AUTOS = YES_AGGRESSIVE;
				GCC_WARN_UNUSED_FUNCTION = YES;
				GCC_WARN_UNUSED_VARIABLE = YES;
				IPHONEOS_DEPLOYMENT_TARGET = 16.1;
				MTL_ENABLE_DEBUG_INFO = INCLUDE_SOURCE;
				MTL_FAST_MATH = YES;
				ONLY_ACTIVE_ARCH = YES;
				SDKROOT = iphoneos;
				SWIFT_ACTIVE_COMPILATION_CONDITIONS = DEBUG;
				SWIFT_OPTIMIZATION_LEVEL = "-Onone";
			};
			name = Debug;
		};
		404C5FEB2AB67107006D225E /* Release */ = {
			isa = XCBuildConfiguration;
			buildSettings = {
				ALWAYS_SEARCH_USER_PATHS = NO;
				CLANG_ANALYZER_NONNULL = YES;
				CLANG_ANALYZER_NUMBER_OBJECT_CONVERSION = YES_AGGRESSIVE;
				CLANG_CXX_LANGUAGE_STANDARD = "gnu++20";
				CLANG_ENABLE_MODULES = YES;
				CLANG_ENABLE_OBJC_ARC = YES;
				CLANG_ENABLE_OBJC_WEAK = YES;
				CLANG_WARN_BLOCK_CAPTURE_AUTORELEASING = YES;
				CLANG_WARN_BOOL_CONVERSION = YES;
				CLANG_WARN_COMMA = YES;
				CLANG_WARN_CONSTANT_CONVERSION = YES;
				CLANG_WARN_DEPRECATED_OBJC_IMPLEMENTATIONS = YES;
				CLANG_WARN_DIRECT_OBJC_ISA_USAGE = YES_ERROR;
				CLANG_WARN_DOCUMENTATION_COMMENTS = YES;
				CLANG_WARN_EMPTY_BODY = YES;
				CLANG_WARN_ENUM_CONVERSION = YES;
				CLANG_WARN_INFINITE_RECURSION = YES;
				CLANG_WARN_INT_CONVERSION = YES;
				CLANG_WARN_NON_LITERAL_NULL_CONVERSION = YES;
				CLANG_WARN_OBJC_IMPLICIT_RETAIN_SELF = YES;
				CLANG_WARN_OBJC_LITERAL_CONVERSION = YES;
				CLANG_WARN_OBJC_ROOT_CLASS = YES_ERROR;
				CLANG_WARN_QUOTED_INCLUDE_IN_FRAMEWORK_HEADER = YES;
				CLANG_WARN_RANGE_LOOP_ANALYSIS = YES;
				CLANG_WARN_STRICT_PROTOTYPES = YES;
				CLANG_WARN_SUSPICIOUS_MOVE = YES;
				CLANG_WARN_UNGUARDED_AVAILABILITY = YES_AGGRESSIVE;
				CLANG_WARN_UNREACHABLE_CODE = YES;
				CLANG_WARN__DUPLICATE_METHOD_MATCH = YES;
				COPY_PHASE_STRIP = NO;
				DEBUG_INFORMATION_FORMAT = "dwarf-with-dsym";
				ENABLE_NS_ASSERTIONS = NO;
				ENABLE_STRICT_OBJC_MSGSEND = YES;
				GCC_C_LANGUAGE_STANDARD = gnu11;
				GCC_NO_COMMON_BLOCKS = YES;
				GCC_WARN_64_TO_32_BIT_CONVERSION = YES;
				GCC_WARN_ABOUT_RETURN_TYPE = YES_ERROR;
				GCC_WARN_UNDECLARED_SELECTOR = YES;
				GCC_WARN_UNINITIALIZED_AUTOS = YES_AGGRESSIVE;
				GCC_WARN_UNUSED_FUNCTION = YES;
				GCC_WARN_UNUSED_VARIABLE = YES;
				IPHONEOS_DEPLOYMENT_TARGET = 16.1;
				MTL_ENABLE_DEBUG_INFO = NO;
				MTL_FAST_MATH = YES;
				SDKROOT = iphoneos;
				SWIFT_COMPILATION_MODE = wholemodule;
				SWIFT_OPTIMIZATION_LEVEL = "-O";
				VALIDATE_PRODUCT = YES;
			};
			name = Release;
		};
		404C5FED2AB67107006D225E /* Debug */ = {
			isa = XCBuildConfiguration;
			buildSettings = {
				ASSETCATALOG_COMPILER_APPICON_NAME = AppIcon;
				ASSETCATALOG_COMPILER_GLOBAL_ACCENT_COLOR_NAME = AccentColor;
				CODE_SIGN_STYLE = Automatic;
				CURRENT_PROJECT_VERSION = 1;
				DEVELOPMENT_ASSET_PATHS = "\"Weather/Preview Content\"";
				DEVELOPMENT_TEAM = 9K8RYNA3CD;
				ENABLE_PREVIEWS = YES;
				GENERATE_INFOPLIST_FILE = YES;
				INFOPLIST_FILE = Weather/Info.plist;
				INFOPLIST_KEY_NSLocationAlwaysAndWhenInUseUsageDescription = "Your location is required for providing weather info";
				INFOPLIST_KEY_NSLocationWhenInUseUsageDescription = "Your location is required for providing weather info";
				INFOPLIST_KEY_UIApplicationSceneManifest_Generation = YES;
				INFOPLIST_KEY_UIApplicationSupportsIndirectInputEvents = YES;
				INFOPLIST_KEY_UILaunchScreen_Generation = YES;
				INFOPLIST_KEY_UISupportedInterfaceOrientations_iPad = "UIInterfaceOrientationPortrait UIInterfaceOrientationPortraitUpsideDown UIInterfaceOrientationLandscapeLeft UIInterfaceOrientationLandscapeRight";
				INFOPLIST_KEY_UISupportedInterfaceOrientations_iPhone = "UIInterfaceOrientationPortrait UIInterfaceOrientationLandscapeLeft UIInterfaceOrientationLandscapeRight";
				LD_RUNPATH_SEARCH_PATHS = (
					"$(inherited)",
					"@executable_path/Frameworks",
				);
				MARKETING_VERSION = 1.0;
				PRODUCT_BUNDLE_IDENTIFIER = com.companyName.test.Weather;
				PRODUCT_NAME = "$(TARGET_NAME)";
				SWIFT_EMIT_LOC_STRINGS = YES;
				SWIFT_VERSION = 5.0;
				TARGETED_DEVICE_FAMILY = "1,2";
			};
			name = Debug;
		};
		404C5FEE2AB67107006D225E /* Release */ = {
			isa = XCBuildConfiguration;
			buildSettings = {
				ASSETCATALOG_COMPILER_APPICON_NAME = AppIcon;
				ASSETCATALOG_COMPILER_GLOBAL_ACCENT_COLOR_NAME = AccentColor;
				CODE_SIGN_STYLE = Automatic;
				CURRENT_PROJECT_VERSION = 1;
				DEVELOPMENT_ASSET_PATHS = "\"Weather/Preview Content\"";
				DEVELOPMENT_TEAM = 9K8RYNA3CD;
				ENABLE_PREVIEWS = YES;
				GENERATE_INFOPLIST_FILE = YES;
				INFOPLIST_FILE = Weather/Info.plist;
				INFOPLIST_KEY_NSLocationAlwaysAndWhenInUseUsageDescription = "Your location is required for providing weather info";
				INFOPLIST_KEY_NSLocationWhenInUseUsageDescription = "Your location is required for providing weather info";
				INFOPLIST_KEY_UIApplicationSceneManifest_Generation = YES;
				INFOPLIST_KEY_UIApplicationSupportsIndirectInputEvents = YES;
				INFOPLIST_KEY_UILaunchScreen_Generation = YES;
				INFOPLIST_KEY_UISupportedInterfaceOrientations_iPad = "UIInterfaceOrientationPortrait UIInterfaceOrientationPortraitUpsideDown UIInterfaceOrientationLandscapeLeft UIInterfaceOrientationLandscapeRight";
				INFOPLIST_KEY_UISupportedInterfaceOrientations_iPhone = "UIInterfaceOrientationPortrait UIInterfaceOrientationLandscapeLeft UIInterfaceOrientationLandscapeRight";
				LD_RUNPATH_SEARCH_PATHS = (
					"$(inherited)",
					"@executable_path/Frameworks",
				);
				MARKETING_VERSION = 1.0;
				PRODUCT_BUNDLE_IDENTIFIER = com.companyName.test.Weather;
				PRODUCT_NAME = "$(TARGET_NAME)";
				SWIFT_EMIT_LOC_STRINGS = YES;
				SWIFT_VERSION = 5.0;
				TARGETED_DEVICE_FAMILY = "1,2";
			};
			name = Release;
		};
/* End XCBuildConfiguration section */

/* Begin XCConfigurationList section */
		404C5FD92AB67102006D225E /* Build configuration list for PBXProject "Weather" */ = {
			isa = XCConfigurationList;
			buildConfigurations = (
				404C5FEA2AB67107006D225E /* Debug */,
				404C5FEB2AB67107006D225E /* Release */,
			);
			defaultConfigurationIsVisible = 0;
			defaultConfigurationName = Release;
		};
		404C5FEC2AB67107006D225E /* Build configuration list for PBXNativeTarget "Weather" */ = {
			isa = XCConfigurationList;
			buildConfigurations = (
				404C5FED2AB67107006D225E /* Debug */,
				404C5FEE2AB67107006D225E /* Release */,
			);
			defaultConfigurationIsVisible = 0;
			defaultConfigurationName = Release;
		};
/* End XCConfigurationList section */

/* Begin XCRemoteSwiftPackageReference section */
		404C60032AB6A0C0006D225E /* XCRemoteSwiftPackageReference "SDWebImageSwiftUI" */ = {
			isa = XCRemoteSwiftPackageReference;
			repositoryURL = "https://github.com/SDWebImage/SDWebImageSwiftUI.git";
			requirement = {
				kind = upToNextMajorVersion;
				minimumVersion = 2.0.0;
			};
		};
/* End XCRemoteSwiftPackageReference section */

/* Begin XCSwiftPackageProductDependency section */
		404C60042AB6A0C0006D225E /* SDWebImageSwiftUI */ = {
			isa = XCSwiftPackageProductDependency;
			package = 404C60032AB6A0C0006D225E /* XCRemoteSwiftPackageReference "SDWebImageSwiftUI" */;
			productName = SDWebImageSwiftUI;
		};
/* End XCSwiftPackageProductDependency section */
	};
	rootObject = 404C5FD62AB67102006D225E /* Project object */;
}
